PODS:
  - Alamofire (3.4.1)
  - BRLOptionParser (0.3.1)
  - OpenSSL-OSX (1.0.208)

DEPENDENCIES:
  - Alamofire (~> 3.4)
  - BRLOptionParser (~> 0.3.1)
  - OpenSSL-OSX (~> 1.0.0)

SPEC CHECKSUMS:
  Alamofire: 01a82e2f6c0f860ade35534c8dd88be61bdef40c
  BRLOptionParser: a03256a8ff003ca1f5376c55f55f210e085a3958
  OpenSSL-OSX: 31de46705f5696ab6ce9078a7c1fe36d27e16bcf

PODFILE CHECKSUM: 2c829ca51415d3b834a4a8ebda253a864576e8b2

COCOAPODS: 1.0.1
